
Microsoft Visual Studio Solution File, Format Version 12.00
# Visual Studio Version 17
VisualStudioVersion = 17.4.33213.308
MinimumVisualStudioVersion = 10.0.40219.1
Project("{9A19103F-16F7-4668-BE54-9A1E7A4F7556}") = "Logger", "Logger\Logger.csproj", "{904987CC-F554-441E-99A7-F567A9CC06C3}"
EndProject
Project("{9A19103F-16F7-4668-BE54-9A1E7A4F7556}") = "Presentation", "Presentation\Presentation.csproj", "{985ED3CB-1558-43F6-8B8B-9FAC9EE99D74}"
EndProject
Project("{FAE04EC0-301F-11D3-BF4B-00C04F79EFBC}") = "LoggerTest", "LoggerTest\LoggerTest.csproj", "{E6AC5094-7D49-4109-B5D1-CB34626D90CB}"
EndProject
Global
	GlobalSection(SolutionConfigurationPlatforms) = preSolution
		Debug|Any CPU = Debug|Any CPU
		Release|Any CPU = Release|Any CPU
	EndGlobalSection
	GlobalSection(ProjectConfigurationPlatforms) = postSolution
		{904987CC-F554-441E-99A7-F567A9CC06C3}.Debug|Any CPU.ActiveCfg = Debug|Any CPU
		{904987CC-F554-441E-99A7-F567A9CC06C3}.Debug|Any CPU.Build.0 = Debug|Any CPU
		{904987CC-F554-441E-99A7-F567A9CC06C3}.Release|Any CPU.ActiveCfg = Release|Any CPU
		{904987CC-F554-441E-99A7-F567A9CC06C3}.Release|Any CPU.Build.0 = Release|Any CPU
		{985ED3CB-1558-43F6-8B8B-9FAC9EE99D74}.Debug|Any CPU.ActiveCfg = Debug|Any CPU
		{985ED3CB-1558-43F6-8B8B-9FAC9EE99D74}.Debug|Any CPU.Build.0 = Debug|Any CPU
		{985ED3CB-1558-43F6-8B8B-9FAC9EE99D74}.Release|Any CPU.ActiveCfg = Release|Any CPU
		{985ED3CB-1558-43F6-8B8B-9FAC9EE99D74}.Release|Any CPU.Build.0 = Release|Any CPU
		{E6AC5094-7D49-4109-B5D1-CB34626D90CB}.Debug|Any CPU.ActiveCfg = Debug|Any CPU
		{E6AC5094-7D49-4109-B5D1-CB34626D90CB}.Debug|Any CPU.Build.0 = Debug|Any CPU
		{E6AC5094-7D49-4109-B5D1-CB34626D90CB}.Release|Any CPU.ActiveCfg = Release|Any CPU
		{E6AC5094-7D49-4109-B5D1-CB34626D90CB}.Release|Any CPU.Build.0 = Release|Any CPU
	EndGlobalSection
	GlobalSection(SolutionProperties) = preSolution
		HideSolutionNode = FALSE
	EndGlobalSection
	GlobalSection(ExtensibilityGlobals) = postSolution
		SolutionGuid = {7C236B45-BA41-46B5-8AE4-447D0E7352FF}
	EndGlobalSection
EndGlobal
